
Microsoft Visual Studio Solution File, Format Version 12.00
# Visual Studio 2013
VisualStudioVersion = 12.0.40629.0
MinimumVisualStudioVersion = 10.0.40219.1
Project("{FAE04EC0-301F-11D3-BF4B-00C04F79EFBC}") = "CaffeBar", "CaffeBar\CaffeBar.csproj", "{EF3C2A0E-8049-4463-BE86-19FC2FC59EA0}"
EndProject
Project("{FAE04EC0-301F-11D3-BF4B-00C04F79EFBC}") = "CaffeBarDataLayer", "CaffeBarDataLayer\CaffeBarDataLayer.csproj", "{012E56AF-4D28-409D-9249-0769A491E6CF}"
EndProject
Global
	GlobalSection(SolutionConfigurationPlatforms) = preSolution
		Debug|Any CPU = Debug|Any CPU
		Release|Any CPU = Release|Any CPU
	EndGlobalSection
	GlobalSection(ProjectConfigurationPlatforms) = postSolution
		{EF3C2A0E-8049-4463-BE86-19FC2FC59EA0}.Debug|Any CPU.ActiveCfg = Debug|Any CPU
		{EF3C2A0E-8049-4463-BE86-19FC2FC59EA0}.Debug|Any CPU.Build.0 = Debug|Any CPU
		{EF3C2A0E-8049-4463-BE86-19FC2FC59EA0}.Release|Any CPU.ActiveCfg = Release|Any CPU
		{EF3C2A0E-8049-4463-BE86-19FC2FC59EA0}.Release|Any CPU.Build.0 = Release|Any CPU
		{012E56AF-4D28-409D-9249-0769A491E6CF}.Debug|Any CPU.ActiveCfg = Debug|Any CPU
		{012E56AF-4D28-409D-9249-0769A491E6CF}.Debug|Any CPU.Build.0 = Debug|Any CPU
		{012E56AF-4D28-409D-9249-0769A491E6CF}.Release|Any CPU.ActiveCfg = Release|Any CPU
		{012E56AF-4D28-409D-9249-0769A491E6CF}.Release|Any CPU.Build.0 = Release|Any CPU
	EndGlobalSection
	GlobalSection(SolutionProperties) = preSolution
		HideSolutionNode = FALSE
	EndGlobalSection
EndGlobal
